// !$*UTF8*$!
{
	archiveVersion = 1;
	classes = {
	};
	objectVersion = 50;
	objects = {

/* Begin PBXBuildFile section */
		0163F4D62B30E0CD002590D8 /* Keychain Services.c in Sources */ = {isa = PBXBuildFile; fileRef = 0163F4D52B30E0CD002590D8 /* Keychain Services.c */; };
		0163F4D82B30E111002590D8 /* Certificate Operations.c in Sources */ = {isa = PBXBuildFile; fileRef = 0163F4D72B30E111002590D8 /* Certificate Operations.c */; };
		0163F4DC2B30E160002590D8 /* Cryptographic Operations.c in Sources */ = {isa = PBXBuildFile; fileRef = 0163F4DB2B30E160002590D8 /* Cryptographic Operations.c */; };
		0163F4DE2B30E189002590D8 /* Random Number Generation.c in Sources */ = {isa = PBXBuildFile; fileRef = 0163F4DD2B30E189002590D8 /* Random Number Generation.c */; };
		0163F4E02B30E1F6002590D8 /* Retreive Passwords from Keychain.c in Sources */ = {isa = PBXBuildFile; fileRef = 0163F4DF2B30E1F6002590D8 /* Retreive Passwords from Keychain.c */; };
		0163F4E22B30E228002590D8 /* Generate RSA Key Pair.c in Sources */ = {isa = PBXBuildFile; fileRef = 0163F4E12B30E228002590D8 /* Generate RSA Key Pair.c */; };
		0163F4E42B30E25A002590D8 /* Sign and Verify with RSA.c in Sources */ = {isa = PBXBuildFile; fileRef = 0163F4E32B30E25A002590D8 /* Sign and Verify with RSA.c */; };
		0163F4E62B30E2C5002590D8 /* Encrypt and Decrypt with RSA Key.c in Sources */ = {isa = PBXBuildFile; fileRef = 0163F4E52B30E2C5002590D8 /* Encrypt and Decrypt with RSA Key.c */; };
		0163F4E82B30E301002590D8 /* Import and Export X-509 Certificate.c in Sources */ = {isa = PBXBuildFile; fileRef = 0163F4E72B30E301002590D8 /* Import and Export X-509 Certificate.c */; };
		0163F4EA2B30E348002590D8 /* Retrieve Identity.c in Sources */ = {isa = PBXBuildFile; fileRef = 0163F4E92B30E348002590D8 /* Retrieve Identity.c */; };
		0163F4EC2B30E38F002590D8 /* Generate and Verify HMAC.c in Sources */ = {isa = PBXBuildFile; fileRef = 0163F4EB2B30E38F002590D8 /* Generate and Verify HMAC.c */; };
		0163F4EE2B30E3E5002590D8 /* Check if Password Meets Policy.c in Sources */ = {isa = PBXBuildFile; fileRef = 0163F4ED2B30E3E5002590D8 /* Check if Password Meets Policy.c */; };
		0163F4F02B30E4EC002590D8 /* SHA 256 Hashing.c in Sources */ = {isa = PBXBuildFile; fileRef = 0163F4EF2B30E4EC002590D8 /* SHA 256 Hashing.c */; };
		0163F4F22B30E56B002590D8 /* AES Encryption and Decryption.c in Sources */ = {isa = PBXBuildFile; fileRef = 0163F4F12B30E56B002590D8 /* AES Encryption and Decryption.c */; };
		0163F4F42B30E5B2002590D8 /* Random Number Generation CommonCrypto.c in Sources */ = {isa = PBXBuildFile; fileRef = 0163F4F32B30E5B2002590D8 /* Random Number Generation CommonCrypto.c */; };
		0163F4F62B30E5EF002590D8 /* PBKDF2 Key Derivation.c in Sources */ = {isa = PBXBuildFile; fileRef = 0163F4F52B30E5EE002590D8 /* PBKDF2 Key Derivation.c */; };
		0163F4F82B30E61A002590D8 /* Secure Password Comparison.c in Sources */ = {isa = PBXBuildFile; fileRef = 0163F4F72B30E61A002590D8 /* Secure Password Comparison.c */; };
		0163F4FA2B30E644002590D8 /* Check Password Strength.c in Sources */ = {isa = PBXBuildFile; fileRef = 0163F4F92B30E644002590D8 /* Check Password Strength.c */; };
		0163F4FC2B30E671002590D8 /* Elliptic Curve Digital Signature Algorithm.c in Sources */ = {isa = PBXBuildFile; fileRef = 0163F4FB2B30E671002590D8 /* Elliptic Curve Digital Signature Algorithm.c */; };
		0163F4FF2B30E6AB002590D8 /* Diffie-Hellman Key Exchange.c in Sources */ = {isa = PBXBuildFile; fileRef = 0163F4FE2B30E6AB002590D8 /* Diffie-Hellman Key Exchange.c */; };
		0163F5012B30E6FF002590D8 /* Password-Based Key Derivation with Salt.c in Sources */ = {isa = PBXBuildFile; fileRef = 0163F5002B30E6FF002590D8 /* Password-Based Key Derivation with Salt.c */; };
		018564512B265E950031B656 /* SSL-TLS Enumeration.c in Sources */ = {isa = PBXBuildFile; fileRef = 018564502B265E950031B656 /* SSL-TLS Enumeration.c */; };
		018564532B265F830031B656 /* Heartbleed Vulnerability Check.c in Sources */ = {isa = PBXBuildFile; fileRef = 018564522B265F830031B656 /* Heartbleed Vulnerability Check.c */; };
		018564552B26600B0031B656 /* SSL-TLS Version Detection.c in Sources */ = {isa = PBXBuildFile; fileRef = 018564542B26600B0031B656 /* SSL-TLS Version Detection.c */; };
		018564572B2660AC0031B656 /* SSL Certificate Information.c in Sources */ = {isa = PBXBuildFile; fileRef = 018564562B2660AC0031B656 /* SSL Certificate Information.c */; };
		018564592B2661250031B656 /* Heartbleed and POODLE vulnerabilities check.c in Sources */ = {isa = PBXBuildFile; fileRef = 018564582B2661250031B656 /* Heartbleed and POODLE vulnerabilities check.c */; };
		0185645B2B2661CE0031B656 /* SSL-TLS Cipher Suite Enumeration.c in Sources */ = {isa = PBXBuildFile; fileRef = 0185645A2B2661CE0031B656 /* SSL-TLS Cipher Suite Enumeration.c */; };
		0185645D2B26622E0031B656 /* SSL-TLS Vunerabilities and Weak Ciphers Scan.c in Sources */ = {isa = PBXBuildFile; fileRef = 0185645C2B26622E0031B656 /* SSL-TLS Vunerabilities and Weak Ciphers Scan.c */; };
		C8B33C732B163F8200510912 /* main.c in Sources */ = {isa = PBXBuildFile; fileRef = C8B33C722B163F8200510912 /* main.c */; };
		C8B33C7A2B16401300510912 /* Server.cpp in Sources */ = {isa = PBXBuildFile; fileRef = C8B33C792B16401300510912 /* Server.cpp */; };
/* End PBXBuildFile section */

/* Begin PBXCopyFilesBuildPhase section */
		C8B33C6D2B163F8200510912 /* CopyFiles */ = {
			isa = PBXCopyFilesBuildPhase;
			buildActionMask = 2147483647;
			dstPath = /usr/share/man/man1/;
			dstSubfolderSpec = 0;
			files = (
			);
			runOnlyForDeploymentPostprocessing = 1;
		};
/* End PBXCopyFilesBuildPhase section */

/* Begin PBXFileReference section */
		010E3A692B250A0A00D6C883 /* reboot.cs */ = {isa = PBXFileReference; lastKnownFileType = text; path = reboot.cs; sourceTree = "<group>"; };
		0163F4D52B30E0CD002590D8 /* Keychain Services.c */ = {isa = PBXFileReference; lastKnownFileType = sourcecode.c.c; path = "Keychain Services.c"; sourceTree = "<group>"; };
		0163F4D72B30E111002590D8 /* Certificate Operations.c */ = {isa = PBXFileReference; lastKnownFileType = sourcecode.c.c; path = "Certificate Operations.c"; sourceTree = "<group>"; };
		0163F4DB2B30E160002590D8 /* Cryptographic Operations.c */ = {isa = PBXFileReference; lastKnownFileType = sourcecode.c.c; path = "Cryptographic Operations.c"; sourceTree = "<group>"; };
		0163F4DD2B30E189002590D8 /* Random Number Generation.c */ = {isa = PBXFileReference; lastKnownFileType = sourcecode.c.c; path = "Random Number Generation.c"; sourceTree = "<group>"; };
		0163F4DF2B30E1F6002590D8 /* Retreive Passwords from Keychain.c */ = {isa = PBXFileReference; lastKnownFileType = sourcecode.c.c; path = "Retreive Passwords from Keychain.c"; sourceTree = "<group>"; };
		0163F4E12B30E228002590D8 /* Generate RSA Key Pair.c */ = {isa = PBXFileReference; lastKnownFileType = sourcecode.c.c; path = "Generate RSA Key Pair.c"; sourceTree = "<group>"; };
		0163F4E32B30E25A002590D8 /* Sign and Verify with RSA.c */ = {isa = PBXFileReference; lastKnownFileType = sourcecode.c.c; path = "Sign and Verify with RSA.c"; sourceTree = "<group>"; };
		0163F4E52B30E2C5002590D8 /* Encrypt and Decrypt with RSA Key.c */ = {isa = PBXFileReference; lastKnownFileType = sourcecode.c.c; path = "Encrypt and Decrypt with RSA Key.c"; sourceTree = "<group>"; };
		0163F4E72B30E301002590D8 /* Import and Export X-509 Certificate.c */ = {isa = PBXFileReference; lastKnownFileType = sourcecode.c.c; path = "Import and Export X-509 Certificate.c"; sourceTree = "<group>"; };
		0163F4E92B30E348002590D8 /* Retrieve Identity.c */ = {isa = PBXFileReference; lastKnownFileType = sourcecode.c.c; path = "Retrieve Identity.c"; sourceTree = "<group>"; };
		0163F4EB2B30E38F002590D8 /* Generate and Verify HMAC.c */ = {isa = PBXFileReference; lastKnownFileType = sourcecode.c.c; path = "Generate and Verify HMAC.c"; sourceTree = "<group>"; };
		0163F4ED2B30E3E5002590D8 /* Check if Password Meets Policy.c */ = {isa = PBXFileReference; lastKnownFileType = sourcecode.c.c; path = "Check if Password Meets Policy.c"; sourceTree = "<group>"; };
		0163F4EF2B30E4EC002590D8 /* SHA 256 Hashing.c */ = {isa = PBXFileReference; lastKnownFileType = sourcecode.c.c; path = "SHA 256 Hashing.c"; sourceTree = "<group>"; };
		0163F4F12B30E56B002590D8 /* AES Encryption and Decryption.c */ = {isa = PBXFileReference; lastKnownFileType = sourcecode.c.c; path = "AES Encryption and Decryption.c"; sourceTree = "<group>"; };
		0163F4F32B30E5B2002590D8 /* Random Number Generation CommonCrypto.c */ = {isa = PBXFileReference; lastKnownFileType = sourcecode.c.c; path = "Random Number Generation CommonCrypto.c"; sourceTree = "<group>"; };
		0163F4F52B30E5EE002590D8 /* PBKDF2 Key Derivation.c */ = {isa = PBXFileReference; lastKnownFileType = sourcecode.c.c; path = "PBKDF2 Key Derivation.c"; sourceTree = "<group>"; };
		0163F4F72B30E61A002590D8 /* Secure Password Comparison.c */ = {isa = PBXFileReference; lastKnownFileType = sourcecode.c.c; path = "Secure Password Comparison.c"; sourceTree = "<group>"; };
		0163F4F92B30E644002590D8 /* Check Password Strength.c */ = {isa = PBXFileReference; lastKnownFileType = sourcecode.c.c; path = "Check Password Strength.c"; sourceTree = "<group>"; };
		0163F4FB2B30E671002590D8 /* Elliptic Curve Digital Signature Algorithm.c */ = {isa = PBXFileReference; lastKnownFileType = sourcecode.c.c; path = "Elliptic Curve Digital Signature Algorithm.c"; sourceTree = "<group>"; };
		0163F4FE2B30E6AB002590D8 /* Diffie-Hellman Key Exchange.c */ = {isa = PBXFileReference; lastKnownFileType = sourcecode.c.c; path = "Diffie-Hellman Key Exchange.c"; sourceTree = "<group>"; };
		0163F5002B30E6FF002590D8 /* Password-Based Key Derivation with Salt.c */ = {isa = PBXFileReference; lastKnownFileType = sourcecode.c.c; path = "Password-Based Key Derivation with Salt.c"; sourceTree = "<group>"; };
		018564502B265E950031B656 /* SSL-TLS Enumeration.c */ = {isa = PBXFileReference; lastKnownFileType = sourcecode.c.c; path = "SSL-TLS Enumeration.c"; sourceTree = "<group>"; };
		018564522B265F830031B656 /* Heartbleed Vulnerability Check.c */ = {isa = PBXFileReference; lastKnownFileType = sourcecode.c.c; path = "Heartbleed Vulnerability Check.c"; sourceTree = "<group>"; };
		018564542B26600B0031B656 /* SSL-TLS Version Detection.c */ = {isa = PBXFileReference; lastKnownFileType = sourcecode.c.c; path = "SSL-TLS Version Detection.c"; sourceTree = "<group>"; };
		018564562B2660AC0031B656 /* SSL Certificate Information.c */ = {isa = PBXFileReference; lastKnownFileType = sourcecode.c.c; path = "SSL Certificate Information.c"; sourceTree = "<group>"; };
		018564582B2661250031B656 /* Heartbleed and POODLE vulnerabilities check.c */ = {isa = PBXFileReference; lastKnownFileType = sourcecode.c.c; path = "Heartbleed and POODLE vulnerabilities check.c"; sourceTree = "<group>"; };
		0185645A2B2661CE0031B656 /* SSL-TLS Cipher Suite Enumeration.c */ = {isa = PBXFileReference; lastKnownFileType = sourcecode.c.c; path = "SSL-TLS Cipher Suite Enumeration.c"; sourceTree = "<group>"; };
		0185645C2B26622E0031B656 /* SSL-TLS Vunerabilities and Weak Ciphers Scan.c */ = {isa = PBXFileReference; lastKnownFileType = sourcecode.c.c; path = "SSL-TLS Vunerabilities and Weak Ciphers Scan.c"; sourceTree = "<group>"; };
		C8B33C6F2B163F8200510912 /* Snocomm */ = {isa = PBXFileReference; explicitFileType = "compiled.mach-o.executable"; includeInIndex = 0; path = Snocomm; sourceTree = BUILT_PRODUCTS_DIR; };
		C8B33C722B163F8200510912 /* main.c */ = {isa = PBXFileReference; lastKnownFileType = sourcecode.c.c; path = main.c; sourceTree = "<group>"; };
		C8B33C792B16401300510912 /* Server.cpp */ = {isa = PBXFileReference; lastKnownFileType = sourcecode.cpp.cpp; path = Server.cpp; sourceTree = "<group>"; };
		C8B33C7B2B16415900510912 /* sslAppUtils.h */ = {isa = PBXFileReference; fileEncoding = 4; lastKnownFileType = sourcecode.c.h; path = sslAppUtils.h; sourceTree = "<group>"; };
		C8B33C7C2B1641EC00510912 /* SecureTransport.h */ = {isa = PBXFileReference; fileEncoding = 4; lastKnownFileType = sourcecode.c.h; path = SecureTransport.h; sourceTree = "<group>"; };
		C8B33C7D2B16422300510912 /* SecureTransportPriv.h */ = {isa = PBXFileReference; fileEncoding = 4; lastKnownFileType = sourcecode.c.h; path = SecureTransportPriv.h; sourceTree = "<group>"; };
/* End PBXFileReference section */

/* Begin PBXFrameworksBuildPhase section */
		C8B33C6C2B163F8200510912 /* Frameworks */ = {
			isa = PBXFrameworksBuildPhase;
			buildActionMask = 2147483647;
			files = (
			);
			runOnlyForDeploymentPostprocessing = 0;
		};
/* End PBXFrameworksBuildPhase section */

/* Begin PBXGroup section */
		0163F4D42B30E0A3002590D8 /* Security */ = {
			isa = PBXGroup;
			children = (
				0163F4D52B30E0CD002590D8 /* Keychain Services.c */,
				0163F4D72B30E111002590D8 /* Certificate Operations.c */,
				0163F4DB2B30E160002590D8 /* Cryptographic Operations.c */,
				0163F4DD2B30E189002590D8 /* Random Number Generation.c */,
				0163F4DF2B30E1F6002590D8 /* Retreive Passwords from Keychain.c */,
				0163F4E12B30E228002590D8 /* Generate RSA Key Pair.c */,
				0163F4E32B30E25A002590D8 /* Sign and Verify with RSA.c */,
				0163F4E52B30E2C5002590D8 /* Encrypt and Decrypt with RSA Key.c */,
				0163F4E72B30E301002590D8 /* Import and Export X-509 Certificate.c */,
				0163F4E92B30E348002590D8 /* Retrieve Identity.c */,
				0163F4EB2B30E38F002590D8 /* Generate and Verify HMAC.c */,
				0163F4ED2B30E3E5002590D8 /* Check if Password Meets Policy.c */,
				0163F4EF2B30E4EC002590D8 /* SHA 256 Hashing.c */,
				0163F4F12B30E56B002590D8 /* AES Encryption and Decryption.c */,
				0163F4F32B30E5B2002590D8 /* Random Number Generation CommonCrypto.c */,
				0163F4F52B30E5EE002590D8 /* PBKDF2 Key Derivation.c */,
				0163F4F72B30E61A002590D8 /* Secure Password Comparison.c */,
				0163F4F92B30E644002590D8 /* Check Password Strength.c */,
				0163F4FB2B30E671002590D8 /* Elliptic Curve Digital Signature Algorithm.c */,
				0163F4FE2B30E6AB002590D8 /* Diffie-Hellman Key Exchange.c */,
				0163F5002B30E6FF002590D8 /* Password-Based Key Derivation with Salt.c */,
			);
			path = Security;
			sourceTree = "<group>";
		};
		C8B33C662B163F8200510912 = {
			isa = PBXGroup;
			children = (
				C8B33C712B163F8200510912 /* Snocomm */,
				C8B33C702B163F8200510912 /* Products */,
			);
			sourceTree = "<group>";
		};
		C8B33C702B163F8200510912 /* Products */ = {
			isa = PBXGroup;
			children = (
				C8B33C6F2B163F8200510912 /* Snocomm */,
			);
			name = Products;
			sourceTree = "<group>";
		};
		C8B33C712B163F8200510912 /* Snocomm */ = {
			isa = PBXGroup;
			children = (
				0163F4D42B30E0A3002590D8 /* Security */,
				C8B33C7D2B16422300510912 /* SecureTransportPriv.h */,
				C8B33C7C2B1641EC00510912 /* SecureTransport.h */,
				C8B33C7B2B16415900510912 /* sslAppUtils.h */,
				C8B33C722B163F8200510912 /* main.c */,
				C8B33C792B16401300510912 /* Server.cpp */,
				010E3A692B250A0A00D6C883 /* reboot.cs */,
				018564502B265E950031B656 /* SSL-TLS Enumeration.c */,
				018564522B265F830031B656 /* Heartbleed Vulnerability Check.c */,
				018564542B26600B0031B656 /* SSL-TLS Version Detection.c */,
				018564562B2660AC0031B656 /* SSL Certificate Information.c */,
				018564582B2661250031B656 /* Heartbleed and POODLE vulnerabilities check.c */,
				0185645A2B2661CE0031B656 /* SSL-TLS Cipher Suite Enumeration.c */,
				0185645C2B26622E0031B656 /* SSL-TLS Vunerabilities and Weak Ciphers Scan.c */,
			);
			path = Snocomm;
			sourceTree = "<group>";
		};
/* End PBXGroup section */

/* Begin PBXNativeTarget section */
		C8B33C6E2B163F8200510912 /* Snocomm */ = {
			isa = PBXNativeTarget;
			buildConfigurationList = C8B33C762B163F8200510912 /* Build configuration list for PBXNativeTarget "Snocomm" */;
			buildPhases = (
				C8B33C6B2B163F8200510912 /* Sources */,
				C8B33C6C2B163F8200510912 /* Frameworks */,
				C8B33C6D2B163F8200510912 /* CopyFiles */,
			);
			buildRules = (
			);
			dependencies = (
			);
			name = Snocomm;
			productName = Snocomm;
			productReference = C8B33C6F2B163F8200510912 /* Snocomm */;
			productType = "com.apple.product-type.tool";
		};
/* End PBXNativeTarget section */

/* Begin PBXProject section */
		C8B33C672B163F8200510912 /* Project object */ = {
			isa = PBXProject;
			attributes = {
				LastUpgradeCheck = 1010;
				ORGANIZATIONNAME = Snocomm;
				TargetAttributes = {
					C8B33C6E2B163F8200510912 = {
						CreatedOnToolsVersion = 10.1;
					};
				};
			};
			buildConfigurationList = C8B33C6A2B163F8200510912 /* Build configuration list for PBXProject "Snocomm" */;
			compatibilityVersion = "Xcode 9.3";
			developmentRegion = en;
			hasScannedForEncodings = 0;
			knownRegions = (
				en,
			);
			mainGroup = C8B33C662B163F8200510912;
			productRefGroup = C8B33C702B163F8200510912 /* Products */;
			projectDirPath = "";
			projectRoot = "";
			targets = (
				C8B33C6E2B163F8200510912 /* Snocomm */,
			);
		};
/* End PBXProject section */

/* Begin PBXSourcesBuildPhase section */
		C8B33C6B2B163F8200510912 /* Sources */ = {
			isa = PBXSourcesBuildPhase;
			buildActionMask = 2147483647;
			files = (
				0163F4F62B30E5EF002590D8 /* PBKDF2 Key Derivation.c in Sources */,
				018564512B265E950031B656 /* SSL-TLS Enumeration.c in Sources */,
				0163F4F22B30E56B002590D8 /* AES Encryption and Decryption.c in Sources */,
				0163F4E02B30E1F6002590D8 /* Retreive Passwords from Keychain.c in Sources */,
				0163F4E82B30E301002590D8 /* Import and Export X-509 Certificate.c in Sources */,
				C8B33C7A2B16401300510912 /* Server.cpp in Sources */,
				0163F4EA2B30E348002590D8 /* Retrieve Identity.c in Sources */,
				0163F4E22B30E228002590D8 /* Generate RSA Key Pair.c in Sources */,
				018564532B265F830031B656 /* Heartbleed Vulnerability Check.c in Sources */,
				0163F4F42B30E5B2002590D8 /* Random Number Generation CommonCrypto.c in Sources */,
				0163F4EC2B30E38F002590D8 /* Generate and Verify HMAC.c in Sources */,
				0163F4FC2B30E671002590D8 /* Elliptic Curve Digital Signature Algorithm.c in Sources */,
				0163F4FF2B30E6AB002590D8 /* Diffie-Hellman Key Exchange.c in Sources */,
				C8B33C732B163F8200510912 /* main.c in Sources */,
				0163F4F02B30E4EC002590D8 /* SHA 256 Hashing.c in Sources */,
				0163F4E42B30E25A002590D8 /* Sign and Verify with RSA.c in Sources */,
				0163F4FA2B30E644002590D8 /* Check Password Strength.c in Sources */,
				0163F5012B30E6FF002590D8 /* Password-Based Key Derivation with Salt.c in Sources */,
				0163F4EE2B30E3E5002590D8 /* Check if Password Meets Policy.c in Sources */,
				018564592B2661250031B656 /* Heartbleed and POODLE vulnerabilities check.c in Sources */,
				0185645B2B2661CE0031B656 /* SSL-TLS Cipher Suite Enumeration.c in Sources */,
				0163F4DC2B30E160002590D8 /* Cryptographic Operations.c in Sources */,
				0163F4DE2B30E189002590D8 /* Random Number Generation.c in Sources */,
				018564552B26600B0031B656 /* SSL-TLS Version Detection.c in Sources */,
				0163F4E62B30E2C5002590D8 /* Encrypt and Decrypt with RSA Key.c in Sources */,
				018564572B2660AC0031B656 /* SSL Certificate Information.c in Sources */,
				0163F4D62B30E0CD002590D8 /* Keychain Services.c in Sources */,
				0185645D2B26622E0031B656 /* SSL-TLS Vunerabilities and Weak Ciphers Scan.c in Sources */,
				0163F4F82B30E61A002590D8 /* Secure Password Comparison.c in Sources */,
				0163F4D82B30E111002590D8 /* Certificate Operations.c in Sources */,
			);
			runOnlyForDeploymentPostprocessing = 0;
		};
/* End PBXSourcesBuildPhase section */

/* Begin XCBuildConfiguration section */
		C8B33C742B163F8200510912 /* Debug */ = {
			isa = XCBuildConfiguration;
			buildSettings = {
				ALWAYS_SEARCH_USER_PATHS = NO;
				CLANG_ANALYZER_NONNULL = YES;
				CLANG_ANALYZER_NUMBER_OBJECT_CONVERSION = YES_AGGRESSIVE;
				CLANG_CXX_LANGUAGE_STANDARD = "gnu++14";
				CLANG_CXX_LIBRARY = "libc++";
				CLANG_ENABLE_MODULES = YES;
				CLANG_ENABLE_OBJC_ARC = YES;
				CLANG_ENABLE_OBJC_WEAK = YES;
				CLANG_WARN_BLOCK_CAPTURE_AUTORELEASING = YES;
				CLANG_WARN_BOOL_CONVERSION = YES;
				CLANG_WARN_COMMA = YES;
				CLANG_WARN_CONSTANT_CONVERSION = YES;
				CLANG_WARN_DEPRECATED_OBJC_IMPLEMENTATIONS = YES;
				CLANG_WARN_DIRECT_OBJC_ISA_USAGE = YES_ERROR;
				CLANG_WARN_DOCUMENTATION_COMMENTS = YES;
				CLANG_WARN_EMPTY_BODY = YES;
				CLANG_WARN_ENUM_CONVERSION = YES;
				CLANG_WARN_INFINITE_RECURSION = YES;
				CLANG_WARN_INT_CONVERSION = YES;
				CLANG_WARN_NON_LITERAL_NULL_CONVERSION = YES;
				CLANG_WARN_OBJC_IMPLICIT_RETAIN_SELF = YES;
				CLANG_WARN_OBJC_LITERAL_CONVERSION = YES;
				CLANG_WARN_OBJC_ROOT_CLASS = YES_ERROR;
				CLANG_WARN_RANGE_LOOP_ANALYSIS = YES;
				CLANG_WARN_STRICT_PROTOTYPES = YES;
				CLANG_WARN_SUSPICIOUS_MOVE = YES;
				CLANG_WARN_UNGUARDED_AVAILABILITY = YES_AGGRESSIVE;
				CLANG_WARN_UNREACHABLE_CODE = YES;
				CLANG_WARN__DUPLICATE_METHOD_MATCH = YES;
				CODE_SIGN_IDENTITY = "Mac Developer";
				COPY_PHASE_STRIP = NO;
				DEBUG_INFORMATION_FORMAT = dwarf;
				ENABLE_STRICT_OBJC_MSGSEND = YES;
				ENABLE_TESTABILITY = YES;
				GCC_C_LANGUAGE_STANDARD = gnu11;
				GCC_DYNAMIC_NO_PIC = NO;
				GCC_NO_COMMON_BLOCKS = YES;
				GCC_OPTIMIZATION_LEVEL = 0;
				GCC_PREPROCESSOR_DEFINITIONS = (
					"DEBUG=1",
					"$(inherited)",
				);
				GCC_WARN_64_TO_32_BIT_CONVERSION = YES;
				GCC_WARN_ABOUT_RETURN_TYPE = YES_ERROR;
				GCC_WARN_UNDECLARED_SELECTOR = YES;
				GCC_WARN_UNINITIALIZED_AUTOS = YES_AGGRESSIVE;
				GCC_WARN_UNUSED_FUNCTION = YES;
				GCC_WARN_UNUSED_VARIABLE = YES;
				MACOSX_DEPLOYMENT_TARGET = 10.13;
				MTL_ENABLE_DEBUG_INFO = INCLUDE_SOURCE;
				MTL_FAST_MATH = YES;
				ONLY_ACTIVE_ARCH = YES;
				SDKROOT = macosx;
			};
			name = Debug;
		};
		C8B33C752B163F8200510912 /* Release */ = {
			isa = XCBuildConfiguration;
			buildSettings = {
				ALWAYS_SEARCH_USER_PATHS = NO;
				CLANG_ANALYZER_NONNULL = YES;
				CLANG_ANALYZER_NUMBER_OBJECT_CONVERSION = YES_AGGRESSIVE;
				CLANG_CXX_LANGUAGE_STANDARD = "gnu++14";
				CLANG_CXX_LIBRARY = "libc++";
				CLANG_ENABLE_MODULES = YES;
				CLANG_ENABLE_OBJC_ARC = YES;
				CLANG_ENABLE_OBJC_WEAK = YES;
				CLANG_WARN_BLOCK_CAPTURE_AUTORELEASING = YES;
				CLANG_WARN_BOOL_CONVERSION = YES;
				CLANG_WARN_COMMA = YES;
				CLANG_WARN_CONSTANT_CONVERSION = YES;
				CLANG_WARN_DEPRECATED_OBJC_IMPLEMENTATIONS = YES;
				CLANG_WARN_DIRECT_OBJC_ISA_USAGE = YES_ERROR;
				CLANG_WARN_DOCUMENTATION_COMMENTS = YES;
				CLANG_WARN_EMPTY_BODY = YES;
				CLANG_WARN_ENUM_CONVERSION = YES;
				CLANG_WARN_INFINITE_RECURSION = YES;
				CLANG_WARN_INT_CONVERSION = YES;
				CLANG_WARN_NON_LITERAL_NULL_CONVERSION = YES;
				CLANG_WARN_OBJC_IMPLICIT_RETAIN_SELF = YES;
				CLANG_WARN_OBJC_LITERAL_CONVERSION = YES;
				CLANG_WARN_OBJC_ROOT_CLASS = YES_ERROR;
				CLANG_WARN_RANGE_LOOP_ANALYSIS = YES;
				CLANG_WARN_STRICT_PROTOTYPES = YES;
				CLANG_WARN_SUSPICIOUS_MOVE = YES;
				CLANG_WARN_UNGUARDED_AVAILABILITY = YES_AGGRESSIVE;
				CLANG_WARN_UNREACHABLE_CODE = YES;
				CLANG_WARN__DUPLICATE_METHOD_MATCH = YES;
				CODE_SIGN_IDENTITY = "Mac Developer";
				COPY_PHASE_STRIP = NO;
				DEBUG_INFORMATION_FORMAT = "dwarf-with-dsym";
				ENABLE_NS_ASSERTIONS = NO;
				ENABLE_STRICT_OBJC_MSGSEND = YES;
				GCC_C_LANGUAGE_STANDARD = gnu11;
				GCC_NO_COMMON_BLOCKS = YES;
				GCC_WARN_64_TO_32_BIT_CONVERSION = YES;
				GCC_WARN_ABOUT_RETURN_TYPE = YES_ERROR;
				GCC_WARN_UNDECLARED_SELECTOR = YES;
				GCC_WARN_UNINITIALIZED_AUTOS = YES_AGGRESSIVE;
				GCC_WARN_UNUSED_FUNCTION = YES;
				GCC_WARN_UNUSED_VARIABLE = YES;
				MACOSX_DEPLOYMENT_TARGET = 10.13;
				MTL_ENABLE_DEBUG_INFO = NO;
				MTL_FAST_MATH = YES;
				SDKROOT = macosx;
			};
			name = Release;
		};
		C8B33C772B163F8200510912 /* Debug */ = {
			isa = XCBuildConfiguration;
			buildSettings = {
				CODE_SIGN_STYLE = Automatic;
				DEVELOPMENT_TEAM = T77VRM22PQ;
				MACOSX_DEPLOYMENT_TARGET = 10.7;
				PRODUCT_NAME = "$(TARGET_NAME)";
			};
			name = Debug;
		};
		C8B33C782B163F8200510912 /* Release */ = {
			isa = XCBuildConfiguration;
			buildSettings = {
				CODE_SIGN_STYLE = Automatic;
				DEVELOPMENT_TEAM = T77VRM22PQ;
				MACOSX_DEPLOYMENT_TARGET = 10.7;
				PRODUCT_NAME = "$(TARGET_NAME)";
			};
			name = Release;
		};
/* End XCBuildConfiguration section */

/* Begin XCConfigurationList section */
		C8B33C6A2B163F8200510912 /* Build configuration list for PBXProject "Snocomm" */ = {
			isa = XCConfigurationList;
			buildConfigurations = (
				C8B33C742B163F8200510912 /* Debug */,
				C8B33C752B163F8200510912 /* Release */,
			);
			defaultConfigurationIsVisible = 0;
			defaultConfigurationName = Release;
		};
		C8B33C762B163F8200510912 /* Build configuration list for PBXNativeTarget "Snocomm" */ = {
			isa = XCConfigurationList;
			buildConfigurations = (
				C8B33C772B163F8200510912 /* Debug */,
				C8B33C782B163F8200510912 /* Release */,
			);
			defaultConfigurationIsVisible = 0;
			defaultConfigurationName = Release;
		};
/* End XCConfigurationList section */
	};
	rootObject = C8B33C672B163F8200510912 /* Project object */;
}
